# THIS IS AN AUTOGENERATED FILE. DO NOT EDIT THIS FILE DIRECTLY.
# yarn lockfile v1


"truelayer-embedded-payment-page@^0.2.14":
  "integrity" "sha512-aluZBHXLBruDCj39WtonpKe6p1nBZee/QtBEw8YdFjiKYrvGA6ox+TWRvvQOTgSjs5W/E0k/Bq500TzBSK3frQ=="
  "resolved" "https://registry.npmjs.org/truelayer-embedded-payment-page/-/truelayer-embedded-payment-page-0.2.14.tgz"
  "version" "0.2.14"
